
Microsoft Visual Studio Solution File, Format Version 12.00
# Visual Studio Version 16
VisualStudioVersion = 16.0.29709.97
MinimumVisualStudioVersion = 10.0.40219.1
Project("{FAE04EC0-301F-11D3-BF4B-00C04F79EFBC}") = "AppLauncher", "AppLauncher\AppLauncher.csproj", "{545FD408-DF0C-43BC-BA2D-2C26FC4BFBC3}"
EndProject
Global
	GlobalSection(SolutionConfigurationPlatforms) = preSolution
		Debug|Any CPU = Debug|Any CPU
		Release|Any CPU = Release|Any CPU
	EndGlobalSection
	GlobalSection(ProjectConfigurationPlatforms) = postSolution
		{545FD408-DF0C-43BC-BA2D-2C26FC4BFBC3}.Debug|Any CPU.ActiveCfg = Debug|Any CPU
		{545FD408-DF0C-43BC-BA2D-2C26FC4BFBC3}.Debug|Any CPU.Build.0 = Debug|Any CPU
		{545FD408-DF0C-43BC-BA2D-2C26FC4BFBC3}.Release|Any CPU.ActiveCfg = Release|Any CPU
		{545FD408-DF0C-43BC-BA2D-2C26FC4BFBC3}.Release|Any CPU.Build.0 = Release|Any CPU
	EndGlobalSection
	GlobalSection(SolutionProperties) = preSolution
		HideSolutionNode = FALSE
	EndGlobalSection
	GlobalSection(ExtensibilityGlobals) = postSolution
		SolutionGuid = {DAAE287E-69BC-40EB-93B0-2D73D0859F7C}
	EndGlobalSection
EndGlobal
